<?xml version="1.0" encoding="utf-8"?>
<Project ToolsVersion="4.0" xmlns="http://schemas.microsoft.com/developer/msbuild/2003">
  <ItemGroup>
    <FxCompile Include="Asset\Shader\DepthOnly.hlsl">
      <Filter>Asset\Shader</Filter>
    </FxCompile>
    <FxCompile Include="Asset\Shader\LinearDepthOnly.hlsl">
      <Filter>Asset\Shader</Filter>
    </FxCompile>
    <FxCompile Include="Asset\Shader\UberLit.hlsl">
      <Filter>Asset\Shader</Filter>
    </FxCompile>
    <FxCompile Include="Asset\Shader\ViewClusterCS.hlsl">
      <Filter>Asset\Shader</Filter>
    </FxCompile>
    <FxCompile Include="Asset\Shader\ClusteredLightCullingCS.hlsl">
      <Filter>Asset\Shader</Filter>
    </FxCompile>
    <FxCompile Include="Asset\Shader\ClusteredRenderingGrid.hlsl">
      <Filter>Asset\Shader</Filter>
    </FxCompile>
    <FxCompile Include="Asset\Shader\ClusterGizmoSetCS.hlsl">
      <Filter>Asset\Shader</Filter>
    </FxCompile>
    <FxCompile Include="Asset\Shader\GizmoLine.hlsl">
      <Filter>Asset\Shader</Filter>
    </FxCompile>
    <FxCompile Include="Asset\Shader\HeightFogShader.hlsl">
      <Filter>Asset\Shader</Filter>
    </FxCompile>
    <FxCompile Include="Asset\Shader\HitProxyShader.hlsl">
      <Filter>Asset\Shader</Filter>
    </FxCompile>
    <FxCompile Include="Asset\Shader\BlitPS.hlsl">
      <Filter>Asset\Shader</Filter>
    </FxCompile>
    <FxCompile Include="Asset\Shader\BlitVS.hlsl">
      <Filter>Asset\Shader</Filter>
    </FxCompile>
    <FxCompile Include="Asset\Shader\FadePS.hlsl">
      <Filter>Asset\Shader</Filter>
    </FxCompile>
    <FxCompile Include="Asset\Shader\SceneDepthShader.hlsl">
      <Filter>Asset\Shader</Filter>
    </FxCompile>
    <FxCompile Include="Asset\Shader\FXAAShader.hlsl">
      <Filter>Asset\Shader</Filter>
    </FxCompile>
    <FxCompile Include="Asset\Shader\DecalShader.hlsl">
      <Filter>Asset\Shader</Filter>
    </FxCompile>
    <FxCompile Include="Asset\Shader\TexturePS.hlsl">
      <Filter>Asset\Shader</Filter>
    </FxCompile>
    <FxCompile Include="Asset\Shader\SampleShader.hlsl">
      <Filter>Asset\Shader</Filter>
    </FxCompile>
    <FxCompile Include="Asset\Shader\BatchLineShader.hlsl">
      <Filter>Asset\Shader</Filter>
    </FxCompile>
    <FxCompile Include="Asset\Shader\ShaderFont.hlsl">
      <Filter>Asset\Shader</Filter>
    </FxCompile>
    <FxCompile Include="Asset\Shader\TextureVS.hlsl">
      <Filter>Asset\Shader</Filter>
    </FxCompile>
    <FxCompile Include="Asset\Shader\ClusteredRenderingCS.hlsli">
      <Filter>Asset\Shader</Filter>
    </FxCompile>
    <FxCompile Include="Asset\Shader\LightStructures.hlsli">
      <Filter>Asset\Shader</Filter>
    </FxCompile>
  </ItemGroup>
  <ItemGroup>
    <ClCompile Include="Source\Utility\Private\ScopeCycleCounter.cpp">
      <Filter>Source\Utility\Private</Filter>
    </ClCompile>
    <ClCompile Include="Source\Global\BVH.cpp">
      <Filter>Source\Global</Filter>
    </ClCompile>
    <ClCompile Include="Source\Global\Octree.cpp">
      <Filter>Source\Global</Filter>
    </ClCompile>
    <ClCompile Include="Source\Optimization\Private\OcclusionCuller.cpp">
      <Filter>Source\Optimization\Private</Filter>
    </ClCompile>
    <ClCompile Include="Source\Component\Mesh\Private\SkeletalMeshComponent.cpp">
      <Filter>Source\Component\Mesh\Private</Filter>
    </ClCompile>
    <ClCompile Include="Source\Component\Mesh\Private\SkinnedMeshComponent.cpp">
      <Filter>Source\Component\Mesh\Private</Filter>
    </ClCompile>
    <ClCompile Include="pch.cpp" />
    <ClCompile Include="main.cpp" />
    <ClCompile Include="Source\Runtime\Engine\Private\ReferenceSkeleton.cpp">
      <Filter>Source\Runtime\Engine\Private</Filter>
    </ClCompile>
    <ClCompile Include="Source\Runtime\Engine\Private\SkeletalMesh.cpp">
      <Filter>Source\Runtime\Engine\Private</Filter>
    </ClCompile>
    <ClCompile Include="Source\Runtime\Engine\Private\SkinnedAsset.cpp">
      <Filter>Source\Runtime\Engine\Private</Filter>
    </ClCompile>
    <ClCompile Include="Source\Render\UI\Window\Private\SkeletalMeshViewerWindow.cpp">
      <Filter>Source\Render\UI\Window\Private</Filter>
    </ClCompile>
    <ClCompile Include="Source\Component\Private\SpringArmComponent.cpp">
      <Filter>Source\Component\Private</Filter>
    </ClCompile>
    <ClCompile Include="Source\Component\Private\ActorComponent.cpp">
      <Filter>Source\Component\Private</Filter>
    </ClCompile>
    <ClCompile Include="Source\Component\Private\AmbientLightComponent.cpp">
      <Filter>Source\Component\Private</Filter>
    </ClCompile>
    <ClCompile Include="Source\Component\Private\BillBoardComponent.cpp">
      <Filter>Source\Component\Private</Filter>
    </ClCompile>
    <ClCompile Include="Source\Component\Private\CameraComponent.cpp">
      <Filter>Source\Component\Private</Filter>
    </ClCompile>
    <ClCompile Include="Source\Component\Private\DecalComponent.cpp">
      <Filter>Source\Component\Private</Filter>
    </ClCompile>
    <ClCompile Include="Source\Component\Private\DecalSpotLightComponent.cpp">
      <Filter>Source\Component\Private</Filter>
    </ClCompile>
    <ClCompile Include="Source\Component\Private\DirectionalLightComponent.cpp">
      <Filter>Source\Component\Private</Filter>
    </ClCompile>
    <ClCompile Include="Source\Component\Private\EditorIconComponent.cpp">
      <Filter>Source\Component\Private</Filter>
    </ClCompile>
    <ClCompile Include="Source\Component\Private\LightComponent.cpp">
      <Filter>Source\Component\Private</Filter>
    </ClCompile>
    <ClCompile Include="Source\Component\Private\LightSensorComponent.cpp">
      <Filter>Source\Component\Private</Filter>
    </ClCompile>
    <ClCompile Include="Source\Component\Private\LightComponentBase.cpp">
      <Filter>Source\Component\Private</Filter>
    </ClCompile>
    <ClCompile Include="Source\Component\Private\PointLightComponent.cpp">
      <Filter>Source\Component\Private</Filter>
    </ClCompile>
    <ClCompile Include="Source\Component\Private\MovementComponent.cpp">
      <Filter>Source\Component\Private</Filter>
    </ClCompile>
    <ClCompile Include="Source\Component\Private\ProjectileMovementComponent.cpp">
      <Filter>Source\Component\Private</Filter>
    </ClCompile>
    <ClCompile Include="Source\Component\Private\RotatingMovementComponent.cpp">
      <Filter>Source\Component\Private</Filter>
    </ClCompile>
    <ClCompile Include="Source\Component\Private\HeightFogComponent.cpp">
      <Filter>Source\Component\Private</Filter>
    </ClCompile>
    <ClCompile Include="Source\Component\Private\ScriptComponent.cpp">
      <Filter>Source\Component\Private</Filter>
    </ClCompile>
    <ClCompile Include="Source\Component\Private\SpotLightComponent.cpp">
      <Filter>Source\Component\Private</Filter>
    </ClCompile>
    <ClCompile Include="Source\Component\Private\TextComponent.cpp">
      <Filter>Source\Component\Private</Filter>
    </ClCompile>
    <ClCompile Include="Source\Component\Private\UUIDTextComponent.cpp">
      <Filter>Source\Component\Private</Filter>
    </ClCompile>
    <ClCompile Include="Source\Component\Private\PrimitiveComponent.cpp">
      <Filter>Source\Component\Private</Filter>
    </ClCompile>
    <ClCompile Include="Source\Component\Private\ShapeComponent.cpp">
      <Filter>Source\Component\Private</Filter>
    </ClCompile>
    <ClCompile Include="Source\Component\Private\SphereComponent.cpp">
      <Filter>Source\Component\Private</Filter>
    </ClCompile>
    <ClCompile Include="Source\Component\Private\BoxComponent.cpp">
      <Filter>Source\Component\Private</Filter>
    </ClCompile>
    <ClCompile Include="Source\Component\Private\CapsuleComponent.cpp">
      <Filter>Source\Component\Private</Filter>
    </ClCompile>
    <ClCompile Include="Source\Component\Private\SceneComponent.cpp">
      <Filter>Source\Component\Private</Filter>
    </ClCompile>
    <ClCompile Include="Source\Component\Mesh\Private\MeshComponent.cpp">
      <Filter>Source\Component\Mesh\Private</Filter>
    </ClCompile>
    <ClCompile Include="Source\Component\Mesh\Private\StaticMesh.cpp">
      <Filter>Source\Component\Mesh\Private</Filter>
    </ClCompile>
    <ClCompile Include="Source\Component\Mesh\Private\StaticMeshComponent.cpp">
      <Filter>Source\Component\Mesh\Private</Filter>
    </ClCompile>
    <ClCompile Include="Source\Component\Mesh\Private\VertexDatas.cpp">
      <Filter>Source\Component\Mesh\Private</Filter>
    </ClCompile>
    <ClCompile Include="Source\Level\Private\CurveLibrary.cpp">
      <Filter>Source\Level\Private</Filter>
    </ClCompile>
    <ClCompile Include="Source\Level\Private\GameInstance.cpp">
      <Filter>Source\Level\Private</Filter>
    </ClCompile>
    <ClCompile Include="Source\Level\Private\World.cpp">
      <Filter>Source\Level\Private</Filter>
    </ClCompile>
    <ClCompile Include="Source\Level\Private\Level.cpp">
      <Filter>Source\Level\Private</Filter>
    </ClCompile>
    <ClCompile Include="Source\Render\Camera\Private\CameraModifier.cpp">
      <Filter>Source\Render\Camera\Private</Filter>
    </ClCompile>
    <ClCompile Include="Source\Render\Camera\Private\CameraModifier_CameraShake.cpp">
      <Filter>Source\Render\Camera\Private</Filter>
    </ClCompile>
    <ClCompile Include="Source\Render\UI\Viewport\Private\GameViewportClient.cpp">
      <Filter>Source\Render\UI\Viewport\Private</Filter>
    </ClCompile>
    <ClCompile Include="Source\Render\UI\Viewport\Private\Viewport.cpp">
      <Filter>Source\Render\UI\Viewport\Private</Filter>
    </ClCompile>
    <ClCompile Include="Source\Render\UI\Viewport\Private\ViewportClient.cpp">
      <Filter>Source\Render\UI\Viewport\Private</Filter>
    </ClCompile>
    <ClCompile Include="Source\Render\UI\Viewport\Private\Window.cpp">
      <Filter>Source\Render\UI\Viewport\Private</Filter>
    </ClCompile>
    <ClCompile Include="Source\Render\UI\Overlay\Private\D2DOverlayManager.cpp">
      <Filter>Source\Render\UI\Overlay\Private</Filter>
    </ClCompile>
    <ClCompile Include="Source\Render\UI\Overlay\Private\StatOverlay.cpp">
      <Filter>Source\Render\UI\Overlay\Private</Filter>
    </ClCompile>
    <ClCompile Include="Source\Render\UI\Widget\Private\ScriptComponentWidget.cpp">
      <Filter>Source\Render\UI\Widget\Private</Filter>
    </ClCompile>
    <ClCompile Include="Source\Render\UI\Widget\Private\ActorDetailWidget.cpp">
      <Filter>Source\Render\UI\Widget\Private</Filter>
    </ClCompile>
    <ClCompile Include="Source\Render\UI\Widget\Private\AmbientLightComponentWidget.cpp">
      <Filter>Source\Render\UI\Widget\Private</Filter>
    </ClCompile>
    <ClCompile Include="Source\Render\UI\Widget\Private\ConsoleWidget.cpp">
      <Filter>Source\Render\UI\Widget\Private</Filter>
    </ClCompile>
    <ClCompile Include="Source\Render\UI\Widget\Private\DecalTextureSelectionWidget.cpp">
      <Filter>Source\Render\UI\Widget\Private</Filter>
    </ClCompile>
    <ClCompile Include="Source\Render\UI\Widget\Private\FPSWidget.cpp">
      <Filter>Source\Render\UI\Widget\Private</Filter>
    </ClCompile>
    <ClCompile Include="Source\Render\UI\Widget\Private\HeightFogComponentWidget.cpp">
      <Filter>Source\Render\UI\Widget\Private</Filter>
    </ClCompile>
    <ClCompile Include="Source\Render\UI\Widget\Private\LightSensorComponentWidget.cpp">
      <Filter>Source\Render\UI\Widget\Private</Filter>
    </ClCompile>
    <ClCompile Include="Source\Render\UI\Widget\Private\InputInformationWidget.cpp">
      <Filter>Source\Render\UI\Widget\Private</Filter>
    </ClCompile>
    <ClCompile Include="Source\Render\UI\Widget\Private\LevelTabBarWidget.cpp">
      <Filter>Source\Render\UI\Widget\Private</Filter>
    </ClCompile>
    <ClCompile Include="Source\Render\UI\Widget\Private\MainBarWidget.cpp">
      <Filter>Source\Render\UI\Widget\Private</Filter>
    </ClCompile>
    <ClCompile Include="Source\Render\UI\Widget\Private\ActorSpawnWidget.cpp">
      <Filter>Source\Render\UI\Widget\Private</Filter>
    </ClCompile>
    <ClCompile Include="Source\Render\UI\Widget\Private\DirectionalLightComponentWidget.cpp">
      <Filter>Source\Render\UI\Widget\Private</Filter>
    </ClCompile>
    <ClCompile Include="Source\Render\UI\Widget\Private\PointLightComponentWidget.cpp">
      <Filter>Source\Render\UI\Widget\Private</Filter>
    </ClCompile>
    <ClCompile Include="Source\Render\UI\Widget\Private\SphereComponentWidget.cpp">
      <Filter>Source\Render\UI\Widget\Private</Filter>
    </ClCompile>
    <ClCompile Include="Source\Render\UI\Widget\Private\BoxComponentWidget.cpp">
      <Filter>Source\Render\UI\Widget\Private</Filter>
    </ClCompile>
    <ClCompile Include="Source\Render\UI\Widget\Private\CameraComponentWidget.cpp">
      <Filter>Source\Render\UI\Widget\Private</Filter>
    </ClCompile>
    <ClCompile Include="Source\Render\UI\Widget\Private\CapsuleComponentWidget.cpp">
      <Filter>Source\Render\UI\Widget\Private</Filter>
    </ClCompile>
    <ClCompile Include="Source\Render\UI\Widget\Private\ProjectileMovementComponentWidget.cpp">
      <Filter>Source\Render\UI\Widget\Private</Filter>
    </ClCompile>
    <ClCompile Include="Source\Render\UI\Widget\Private\RotatingMovementComponentWidget.cpp">
      <Filter>Source\Render\UI\Widget\Private</Filter>
    </ClCompile>
    <ClCompile Include="Source\Render\UI\Widget\Private\SceneHierarchyWidget.cpp">
      <Filter>Source\Render\UI\Widget\Private</Filter>
    </ClCompile>
    <ClCompile Include="Source\Render\UI\Widget\Private\SceneIOWidget.cpp">
      <Filter>Source\Render\UI\Widget\Private</Filter>
    </ClCompile>
    <ClCompile Include="Source\Render\UI\Widget\Private\SetTextComponentWidget.cpp">
      <Filter>Source\Render\UI\Widget\Private</Filter>
    </ClCompile>
    <ClCompile Include="Source\Render\UI\Widget\Private\SpotLightComponentWidget.cpp">
      <Filter>Source\Render\UI\Widget\Private</Filter>
    </ClCompile>
    <ClCompile Include="Source\Render\UI\Widget\Private\SpriteSelectionWidget.cpp">
      <Filter>Source\Render\UI\Widget\Private</Filter>
    </ClCompile>
    <ClCompile Include="Source\Render\UI\Widget\Private\StaticMeshComponentWidget.cpp">
      <Filter>Source\Render\UI\Widget\Private</Filter>
    </ClCompile>
    <ClCompile Include="Source\Render\UI\Widget\Private\StatusBarWidget.cpp">
      <Filter>Source\Render\UI\Widget\Private</Filter>
    </ClCompile>
    <ClCompile Include="Source\Render\UI\Widget\Private\ViewportControlWidget.cpp">
      <Filter>Source\Render\UI\Widget\Private</Filter>
    </ClCompile>
    <ClCompile Include="Source\Render\UI\Widget\Private\ViewportMenuBarWidget.cpp">
      <Filter>Source\Render\UI\Widget\Private</Filter>
    </ClCompile>
    <ClCompile Include="Source\Render\UI\Widget\Private\Widget.cpp">
      <Filter>Source\Render\UI\Widget\Private</Filter>
    </ClCompile>
    <ClCompile Include="Source\Render\UI\Window\Private\CurveEditorWindow.cpp">
      <Filter>Source\Render\UI\Window\Private</Filter>
    </ClCompile>
    <ClCompile Include="Source\Render\UI\Window\Private\ConsoleWindow.cpp">
      <Filter>Source\Render\UI\Window\Private</Filter>
    </ClCompile>
    <ClCompile Include="Source\Render\UI\Window\Private\ControlPanelWindow.cpp">
      <Filter>Source\Render\UI\Window\Private</Filter>
    </ClCompile>
    <ClCompile Include="Source\Render\UI\Window\Private\EditorWindow.cpp">
      <Filter>Source\Render\UI\Window\Private</Filter>
    </ClCompile>
    <ClCompile Include="Source\Render\UI\Window\Private\ExperimentalFeatureWindow.cpp">
      <Filter>Source\Render\UI\Window\Private</Filter>
    </ClCompile>
    <ClCompile Include="Source\Render\UI\Window\Private\LevelTabBarWindow.cpp">
      <Filter>Source\Render\UI\Window\Private</Filter>
    </ClCompile>
    <ClCompile Include="Source\Render\UI\Window\Private\MainMenuWindow.cpp">
      <Filter>Source\Render\UI\Window\Private</Filter>
    </ClCompile>
    <ClCompile Include="Source\Render\UI\Window\Private\OutlinerWindow.cpp">
      <Filter>Source\Render\UI\Window\Private</Filter>
    </ClCompile>
    <ClCompile Include="Source\Render\UI\Window\Private\DetailWindow.cpp">
      <Filter>Source\Render\UI\Window\Private</Filter>
    </ClCompile>
    <ClCompile Include="Source\Render\UI\Window\Private\UIWindow.cpp">
      <Filter>Source\Render\UI\Window\Private</Filter>
    </ClCompile>
    <ClCompile Include="Source\Render\UI\Window\Private\ViewportClientWindow.cpp">
      <Filter>Source\Render\UI\Window\Private</Filter>
    </ClCompile>
    <ClCompile Include="Source\Render\UI\Layout\Private\Splitter.cpp">
      <Filter>Source\Render\UI\Layout\Private</Filter>
    </ClCompile>
    <ClCompile Include="Source\Render\UI\Factory\Private\UIWindowFactory.cpp">
      <Filter>Source\Render\UI\Factory\Private</Filter>
    </ClCompile>
    <ClCompile Include="Source\Render\UI\ImGui\Private\ImGuiHelper.cpp">
      <Filter>Source\Render\UI\ImGui\Private</Filter>
    </ClCompile>
    <ClCompile Include="Source\Render\Renderer\Private\DeviceResources.cpp">
      <Filter>Source\Render\Renderer\Private</Filter>
    </ClCompile>
    <ClCompile Include="Source\Render\Renderer\Private\Pipeline.cpp">
      <Filter>Source\Render\Renderer\Private</Filter>
    </ClCompile>
    <ClCompile Include="Source\Render\Renderer\Private\Renderer.cpp">
      <Filter>Source\Render\Renderer\Private</Filter>
    </ClCompile>
    <ClCompile Include="Source\Render\Renderer\Private\RenderResourceFactory.cpp">
      <Filter>Source\Render\Renderer\Private</Filter>
    </ClCompile>
    <ClCompile Include="Source\Render\Renderer\Private\SceneRenderer.cpp">
      <Filter>Source\Render\Renderer\Private</Filter>
    </ClCompile>
    <ClCompile Include="Source\Render\Renderer\Private\SceneView.cpp">
      <Filter>Source\Render\Renderer\Private</Filter>
    </ClCompile>
    <ClCompile Include="Source\Render\Renderer\Private\SceneViewFamily.cpp">
      <Filter>Source\Render\Renderer\Private</Filter>
    </ClCompile>
    <ClCompile Include="Source\Render\RenderPass\Private\BillboardPass.cpp">
      <Filter>Source\Render\RenderPass\Private</Filter>
    </ClCompile>
    <ClCompile Include="Source\Render\RenderPass\Private\CameraPostProcessPass.cpp">
      <Filter>Source\Render\RenderPass\Private</Filter>
    </ClCompile>
    <ClCompile Include="Source\Render\RenderPass\Private\CameraPrePass.cpp">
      <Filter>Source\Render\RenderPass\Private</Filter>
    </ClCompile>
    <ClCompile Include="Source\Render\RenderPass\Private\ClusteredRenderingGridPass.cpp">
      <Filter>Source\Render\RenderPass\Private</Filter>
    </ClCompile>
    <ClCompile Include="Source\Render\RenderPass\Private\ColorCopyPass.cpp">
      <Filter>Source\Render\RenderPass\Private</Filter>
    </ClCompile>
    <ClCompile Include="Source\Render\RenderPass\Private\DecalPass.cpp">
      <Filter>Source\Render\RenderPass\Private</Filter>
    </ClCompile>
    <ClCompile Include="Source\Render\RenderPass\Private\EditorIconPass.cpp">
      <Filter>Source\Render\RenderPass\Private</Filter>
    </ClCompile>
    <ClCompile Include="Source\Render\RenderPass\Private\HitProxyPass.cpp">
      <Filter>Source\Render\RenderPass\Private</Filter>
    </ClCompile>
    <ClCompile Include="Source\Render\RenderPass\Private\LightPass.cpp">
      <Filter>Source\Render\RenderPass\Private</Filter>
    </ClCompile>
    <ClCompile Include="Source\Render\RenderPass\Private\LightSensorPass.cpp">
      <Filter>Source\Render\RenderPass\Private</Filter>
    </ClCompile>
    <ClCompile Include="Source\Render\RenderPass\Private\PointLightPass.cpp">
      <Filter>Source\Render\RenderPass\Private</Filter>
    </ClCompile>
    <ClCompile Include="Source\Render\RenderPass\Private\FXAAPass.cpp">
      <Filter>Source\Render\RenderPass\Private</Filter>
    </ClCompile>
    <ClCompile Include="Source\Render\RenderPass\Private\FogPass.cpp">
      <Filter>Source\Render\RenderPass\Private</Filter>
    </ClCompile>
    <ClCompile Include="Source\Render\RenderPass\Private\RenderPass.cpp">
      <Filter>Source\Render\RenderPass\Private</Filter>
    </ClCompile>
    <ClCompile Include="Source\Render\RenderPass\Private\SceneDepthPass.cpp">
      <Filter>Source\Render\RenderPass\Private</Filter>
    </ClCompile>
    <ClCompile Include="Source\Render\RenderPass\Private\ShadowData.cpp">
      <Filter>Source\Render\RenderPass\Private</Filter>
    </ClCompile>
    <ClCompile Include="Source\Render\RenderPass\Private\ShadowMapPass.cpp">
      <Filter>Source\Render\RenderPass\Private</Filter>
    </ClCompile>
    <ClCompile Include="Source\Render\RenderPass\Private\StaticMeshPass.cpp">
      <Filter>Source\Render\RenderPass\Private</Filter>
    </ClCompile>
    <ClCompile Include="Source\Render\RenderPass\Private\TextPass.cpp">
      <Filter>Source\Render\RenderPass\Private</Filter>
    </ClCompile>
    <ClCompile Include="Source\Render\RenderPass\Private\ShadowMapFilterPass.cpp">
      <Filter>Source\Render\RenderPass\Private</Filter>
    </ClCompile>
    <ClCompile Include="Source\Render\HitProxy\Private\HitProxy.cpp">
      <Filter>Source\Render\HitProxy\Private</Filter>
    </ClCompile>
    <ClCompile Include="Source\Render\Shadow\Private\PSMBounding.cpp">
      <Filter>Source\Render\Shadow\Private</Filter>
    </ClCompile>
    <ClCompile Include="Source\Render\Shadow\Private\PSMCalculator.cpp">
      <Filter>Source\Render\Shadow\Private</Filter>
    </ClCompile>
    <ClCompile Include="Source\Actor\Private\Actor.cpp">
      <Filter>Source\Actor\Private</Filter>
    </ClCompile>
    <ClCompile Include="Source\Actor\Private\AmbientLight.cpp">
      <Filter>Source\Actor\Private</Filter>
    </ClCompile>
    <ClCompile Include="Source\Actor\Private\BillBoardActor.cpp">
      <Filter>Source\Actor\Private</Filter>
    </ClCompile>
    <ClCompile Include="Source\Actor\Private\CameraActor.cpp">
      <Filter>Source\Actor\Private</Filter>
    </ClCompile>
    <ClCompile Include="Source\Actor\Private\CubeActor.cpp">
      <Filter>Source\Actor\Private</Filter>
    </ClCompile>
    <ClCompile Include="Source\Actor\Private\DecalActor.cpp">
      <Filter>Source\Actor\Private</Filter>
    </ClCompile>
    <ClCompile Include="Source\Actor\Private\DecalSpotLightActor.cpp">
      <Filter>Source\Actor\Private</Filter>
    </ClCompile>
    <ClCompile Include="Source\Actor\Private\DirectionalLight.cpp">
      <Filter>Source\Actor\Private</Filter>
    </ClCompile>
    <ClCompile Include="Source\Actor\Private\EnemySpawnerActor.cpp">
      <Filter>Source\Actor\Private</Filter>
    </ClCompile>
    <ClCompile Include="Source\Actor\Private\GameMode.cpp">
      <Filter>Source\Actor\Private</Filter>
    </ClCompile>
    <ClCompile Include="Source\Actor\Private\HeightFogActor.cpp">
      <Filter>Source\Actor\Private</Filter>
    </ClCompile>
    <ClCompile Include="Source\Actor\Private\Light.cpp">
      <Filter>Source\Actor\Private</Filter>
    </ClCompile>
    <ClCompile Include="Source\Actor\Private\MovingCubeActor.cpp">
      <Filter>Source\Actor\Private</Filter>
    </ClCompile>
    <ClCompile Include="Source\Actor\Private\PlayerCameraManager.cpp">
      <Filter>Source\Actor\Private</Filter>
    </ClCompile>
    <ClCompile Include="Source\Actor\Private\PlayerStart.cpp">
      <Filter>Source\Actor\Private</Filter>
    </ClCompile>
    <ClCompile Include="Source\Actor\Private\PointLight.cpp">
      <Filter>Source\Actor\Private</Filter>
    </ClCompile>
    <ClCompile Include="Source\Actor\Private\SphereActor.cpp">
      <Filter>Source\Actor\Private</Filter>
    </ClCompile>
    <ClCompile Include="Source\Actor\Private\SpotLight.cpp">
      <Filter>Source\Actor\Private</Filter>
    </ClCompile>
    <ClCompile Include="Source\Actor\Private\StaticMeshActor.cpp">
      <Filter>Source\Actor\Private</Filter>
    </ClCompile>
    <ClCompile Include="Source\Actor\Private\TextActor.cpp">
      <Filter>Source\Actor\Private</Filter>
    </ClCompile>
    <ClCompile Include="Source\Actor\Private\TriangleActor.cpp">
      <Filter>Source\Actor\Private</Filter>
    </ClCompile>
    <ClCompile Include="Source\Core\Private\Archive.cpp">
      <Filter>Source\Core\Private</Filter>
    </ClCompile>
    <ClCompile Include="Source\Core\Private\ObjectIterator.cpp">
      <Filter>Source\Core\Private</Filter>
    </ClCompile>
    <ClCompile Include="Source\Core\Private\WindowsBinReader.cpp">
      <Filter>Source\Core\Private</Filter>
    </ClCompile>
    <ClCompile Include="Source\Core\Private\WindowsBinWriter.cpp">
      <Filter>Source\Core\Private</Filter>
    </ClCompile>
    <ClCompile Include="Source\Core\Private\AppWindow.cpp">
      <Filter>Source\Core\Private</Filter>
    </ClCompile>
    <ClCompile Include="Source\Core\Private\Class.cpp">
      <Filter>Source\Core\Private</Filter>
    </ClCompile>
    <ClCompile Include="Source\Core\Private\ClientApp.cpp">
      <Filter>Source\Core\Private</Filter>
    </ClCompile>
    <ClCompile Include="Source\Core\Private\Name.cpp">
      <Filter>Source\Core\Private</Filter>
    </ClCompile>
    <ClCompile Include="Source\Core\Private\Object.cpp">
      <Filter>Source\Core\Private</Filter>
    </ClCompile>
    <ClCompile Include="Source\Core\Private\ObjectHandle.cpp">
      <Filter>Source\Core\Private</Filter>
    </ClCompile>
    <ClCompile Include="Source\Demo\Private\Player.cpp">
      <Filter>Source\Demo\Private</Filter>
    </ClCompile>
    <ClCompile Include="Source\Editor\Private\EditorEngine.cpp">
      <Filter>Source\Editor\Private</Filter>
    </ClCompile>
    <ClCompile Include="Source\Editor\Private\GizmoGeometry.cpp">
      <Filter>Source\Editor\Private</Filter>
    </ClCompile>
    <ClCompile Include="Source\Editor\Private\GizmoMath.cpp">
      <Filter>Source\Editor\Private</Filter>
    </ClCompile>
    <ClCompile Include="Source\Editor\Private\GizmoRenderer.cpp">
      <Filter>Source\Editor\Private</Filter>
    </ClCompile>
    <ClCompile Include="Source\Editor\Private\Axis.cpp">
      <Filter>Source\Editor\Private</Filter>
    </ClCompile>
    <ClCompile Include="Source\Editor\Private\BatchLines.cpp">
      <Filter>Source\Editor\Private</Filter>
    </ClCompile>
    <ClCompile Include="Source\Editor\Private\BoundingBoxLines.cpp">
      <Filter>Source\Editor\Private</Filter>
    </ClCompile>
    <ClCompile Include="Source\Editor\Private\Camera.cpp">
      <Filter>Source\Editor\Private</Filter>
    </ClCompile>
    <ClCompile Include="Source\Editor\Private\Editor.cpp">
      <Filter>Source\Editor\Private</Filter>
    </ClCompile>
    <ClCompile Include="Source\Editor\Private\Gizmo.cpp">
      <Filter>Source\Editor\Private</Filter>
    </ClCompile>
    <ClCompile Include="Source\Editor\Private\Grid.cpp">
      <Filter>Source\Editor\Private</Filter>
    </ClCompile>
    <ClCompile Include="Source\Editor\Private\ObjectPicker.cpp">
      <Filter>Source\Editor\Private</Filter>
    </ClCompile>
    <ClCompile Include="Source\Global\BVH.cpp">
      <Filter>Source\Global</Filter>
    </ClCompile>
    <ClCompile Include="Source\Global\CameraTypes.cpp">
      <Filter>Source\Global</Filter>
    </ClCompile>
    <ClCompile Include="Source\Global\Octree.cpp">
      <Filter>Source\Global</Filter>
    </ClCompile>
    <ClCompile Include="Source\Global\OverlapInfo.cpp">
      <Filter>Source\Global</Filter>
    </ClCompile>
    <ClCompile Include="Source\Global\Quaternion.cpp">
      <Filter>Source\Global</Filter>
    </ClCompile>
    <ClCompile Include="Source\Global\Matrix.cpp">
      <Filter>Source\Global</Filter>
    </ClCompile>
    <ClCompile Include="Source\Global\Memory.cpp">
      <Filter>Source\Global</Filter>
    </ClCompile>
    <ClCompile Include="Source\Global\Vector.cpp">
      <Filter>Source\Global</Filter>
    </ClCompile>
    <ClCompile Include="Source\Manager\Lua\Private\LuaBinder.cpp">
      <Filter>Source\Manager\Lua\Private</Filter>
    </ClCompile>
    <ClCompile Include="Source\Manager\Lua\Private\LuaManager.cpp">
      <Filter>Source\Manager\Lua\Private</Filter>
    </ClCompile>
    <ClCompile Include="Source\Manager\Sound\Private\SoundManager.cpp">
      <Filter>Source\Manager\Sound\Private</Filter>
    </ClCompile>
    <ClCompile Include="Source\Manager\Render\Private\CascadeManager.cpp">
      <Filter>Source\Manager\Render\Private</Filter>
    </ClCompile>
    <ClCompile Include="Source\Manager\UI\Private\ViewportManager.cpp">
      <Filter>Source\Manager\UI\Private</Filter>
    </ClCompile>
    <ClCompile Include="Source\Manager\UI\Private\UIManager.cpp">
      <Filter>Source\Manager\UI\Private</Filter>
    </ClCompile>
    <ClCompile Include="Source\Manager\Asset\Private\AssetManager.cpp">
      <Filter>Source\Manager\Asset\Private</Filter>
    </ClCompile>
    <ClCompile Include="Source\Manager\Asset\Private\ObjImporter.cpp">
      <Filter>Source\Manager\Asset\Private</Filter>
    </ClCompile>
    <ClCompile Include="Source\Manager\Asset\Private\ObjManager.cpp">
      <Filter>Source\Manager\Asset\Private</Filter>
    </ClCompile>
    <ClCompile Include="Source\Manager\Asset\Private\TextureManager.cpp">
      <Filter>Source\Manager\Asset\Private</Filter>
    </ClCompile>
    <ClCompile Include="Source\Manager\Config\Private\ConfigManager.cpp">
      <Filter>Source\Manager\Config\Private</Filter>
    </ClCompile>
    <ClCompile Include="Source\Manager\Input\Private\InputManager.cpp">
      <Filter>Source\Manager\Input\Private</Filter>
    </ClCompile>
    <ClCompile Include="Source\Manager\Path\Private\PathManager.cpp">
      <Filter>Source\Manager\Path\Private</Filter>
    </ClCompile>
    <ClCompile Include="Source\Manager\Time\Private\TimeManager.cpp">
      <Filter>Source\Manager\Time\Private</Filter>
    </ClCompile>
    <ClCompile Include="Source\Physics\Private\AABB.cpp">
      <Filter>Source\Physics\Private</Filter>
    </ClCompile>
    <ClCompile Include="Source\Physics\Private\BoundingSphere.cpp">
      <Filter>Source\Physics\Private</Filter>
    </ClCompile>
    <ClCompile Include="Source\Physics\Private\Capsule.cpp">
      <Filter>Source\Physics\Private</Filter>
    </ClCompile>
    <ClCompile Include="Source\Physics\Private\CollisionHelper.cpp">
      <Filter>Source\Physics\Private</Filter>
    </ClCompile>
    <ClCompile Include="Source\Physics\Private\OBB.cpp">
      <Filter>Source\Physics\Private</Filter>
    </ClCompile>
    <ClCompile Include="Source\Subsystem\Private\EngineSubsystem.cpp">
      <Filter>Source\Subsystem\Private</Filter>
    </ClCompile>
    <ClCompile Include="Source\Subsystem\Private\Subsystem.cpp">
      <Filter>Source\Subsystem\Private</Filter>
    </ClCompile>
    <ClCompile Include="Source\Texture\Private\ShadowMapResources.cpp">
      <Filter>Source\Texture\Private</Filter>
    </ClCompile>
    <ClCompile Include="Source\Texture\Private\Material.cpp">
      <Filter>Source\Texture\Private</Filter>
    </ClCompile>
    <ClCompile Include="Source\Texture\Private\Texture.cpp">
      <Filter>Source\Texture\Private</Filter>
    </ClCompile>
    <ClCompile Include="Source\Texture\Private\TextureFilter.cpp">
      <Filter>Source\Texture\Private</Filter>
    </ClCompile>
    <ClCompile Include="Source\Utility\Private\LogFileWriter.cpp">
      <Filter>Source\Utility\Private</Filter>
    </ClCompile>
    <ClCompile Include="Source\Utility\Private\ScopeCycleCounter.cpp">
      <Filter>Source\Utility\Private</Filter>
    </ClCompile>
    <ClCompile Include="Source\Utility\Private\TextureConverter.cpp">
      <Filter>Source\Utility\Private</Filter>
    </ClCompile>
    <ClCompile Include="Source\Utility\Private\UELogParser.cpp">
      <Filter>Source\Utility\Private</Filter>
    </ClCompile>
    <ClCompile Include="Source\ImGui\imgui.cpp">
      <Filter>Source\ImGui</Filter>
    </ClCompile>
    <ClCompile Include="Source\ImGui\imgui_demo.cpp">
      <Filter>Source\ImGui</Filter>
    </ClCompile>
    <ClCompile Include="Source\ImGui\imgui_draw.cpp">
      <Filter>Source\ImGui</Filter>
    </ClCompile>
    <ClCompile Include="Source\ImGui\imgui_impl_dx11.cpp">
      <Filter>Source\ImGui</Filter>
    </ClCompile>
    <ClCompile Include="Source\ImGui\imgui_impl_win32.cpp">
      <Filter>Source\ImGui</Filter>
    </ClCompile>
    <ClCompile Include="Source\ImGui\imgui_tables.cpp">
      <Filter>Source\ImGui</Filter>
    </ClCompile>
    <ClCompile Include="Source\ImGui\imgui_widgets.cpp">
      <Filter>Source\ImGui</Filter>
    </ClCompile>
    <ClCompile Include="Source\Optimization\Private\OcclusionCuller.cpp">
      <Filter>Source\Optimization\Private</Filter>
    </ClCompile>
    <ClCompile Include="Source\Optimization\Private\ViewVolumeCuller.cpp">
      <Filter>Source\Optimization\Private</Filter>
    </ClCompile>
  </ItemGroup>
  <ItemGroup>
    <ClInclude Include="Source\Global\BVH.h">
      <Filter>Source\Global</Filter>
    </ClInclude>
    <ClInclude Include="Source\Global\Octree.h">
      <Filter>Source\Global</Filter>
    </ClInclude>
    <ClInclude Include="Source\Optimization\Public\OcclusionCuller.h">
      <Filter>Source\Optimization\Public</Filter>
    </ClInclude>
    <ClInclude Include="Source\Component\Mesh\Public\SkeletalMeshComponent.h">
      <Filter>Source\Component\Mesh\Public</Filter>
    </ClInclude>
    <ClInclude Include="Source\Component\Mesh\Public\SkinnedMeshComponent.h">
      <Filter>Source\Component\Mesh\Public</Filter>
    </ClInclude>
    <ClInclude Include="pch.h" />
    <ClInclude Include="Source\Render\UI\Window\Public\SkeletalMeshViewerWindow.h">
      <Filter>Source\Render\UI\Window\Public</Filter>
    </ClInclude>
    <ClInclude Include="Source\Runtime\Engine\Public\ReferenceSkeleton.h">
      <Filter>Source\Runtime\Engine\Public</Filter>
    </ClInclude>
    <ClInclude Include="Source\Runtime\Engine\Public\SkeletalMesh.h">
      <Filter>Source\Runtime\Engine\Public</Filter>
    </ClInclude>
    <ClInclude Include="Source\Runtime\Engine\Public\SkinnedAsset.h">
      <Filter>Source\Runtime\Engine\Public</Filter>
    </ClInclude>
    <ClInclude Include="Source\Component\Public\SpringArmComponent.h">
      <Filter>Source\Component\Public</Filter>
    </ClInclude>
    <ClInclude Include="Source\Component\Public\ActorComponent.h">
      <Filter>Source\Component\Public</Filter>
    </ClInclude>
    <ClInclude Include="Source\Component\Public\AmbientLightComponent.h">
      <Filter>Source\Component\Public</Filter>
    </ClInclude>
    <ClInclude Include="Source\Component\Public\BillBoardComponent.h">
      <Filter>Source\Component\Public</Filter>
    </ClInclude>
    <ClInclude Include="Source\Component\Public\CameraComponent.h">
      <Filter>Source\Component\Public</Filter>
    </ClInclude>
    <ClInclude Include="Source\Component\Public\DecalComponent.h">
      <Filter>Source\Component\Public</Filter>
    </ClInclude>
    <ClInclude Include="Source\Component\Public\DecalSpotLightComponent.h">
      <Filter>Source\Component\Public</Filter>
    </ClInclude>
    <ClInclude Include="Source\Component\Public\DirectionalLightComponent.h">
      <Filter>Source\Component\Public</Filter>
    </ClInclude>
    <ClInclude Include="Source\Component\Public\EditorIconComponent.h">
      <Filter>Source\Component\Public</Filter>
    </ClInclude>
    <ClInclude Include="Source\Component\Public\LightComponentBase.h">
      <Filter>Source\Component\Public</Filter>
    </ClInclude>
    <ClInclude Include="Source\Component\Public\PointLightComponent.h">
      <Filter>Source\Component\Public</Filter>
    </ClInclude>
    <ClInclude Include="Source\Component\Public\MovementComponent.h">
      <Filter>Source\Component\Public</Filter>
    </ClInclude>
    <ClInclude Include="Source\Component\Public\ProjectileMovementComponent.h">
      <Filter>Source\Component\Public</Filter>
    </ClInclude>
    <ClInclude Include="Source\Component\Public\RotatingMovementComponent.h">
      <Filter>Source\Component\Public</Filter>
    </ClInclude>
    <ClInclude Include="Source\Component\Public\HeightFogComponent.h">
      <Filter>Source\Component\Public</Filter>
    </ClInclude>
    <ClInclude Include="Source\Component\Public\ScriptComponent.h">
      <Filter>Source\Component\Public</Filter>
    </ClInclude>
    <ClInclude Include="Source\Component\Public\SpotLightComponent.h">
      <Filter>Source\Component\Public</Filter>
    </ClInclude>
    <ClInclude Include="Source\Component\Public\TextComponent.h">
      <Filter>Source\Component\Public</Filter>
    </ClInclude>
    <ClInclude Include="Source\Component\Public\LightComponent.h">
      <Filter>Source\Component\Public</Filter>
    </ClInclude>
    <ClInclude Include="Source\Component\Public\LightSensorComponent.h">
      <Filter>Source\Component\Public</Filter>
    </ClInclude>
    <ClInclude Include="Source\Component\Public\UUIDTextComponent.h">
      <Filter>Source\Component\Public</Filter>
    </ClInclude>
    <ClInclude Include="Source\Component\Public\PrimitiveComponent.h">
      <Filter>Source\Component\Public</Filter>
    </ClInclude>
    <ClInclude Include="Source\Component\Public\ShapeComponent.h">
      <Filter>Source\Component\Public</Filter>
    </ClInclude>
    <ClInclude Include="Source\Component\Public\SphereComponent.h">
      <Filter>Source\Component\Public</Filter>
    </ClInclude>
    <ClInclude Include="Source\Component\Public\BoxComponent.h">
      <Filter>Source\Component\Public</Filter>
    </ClInclude>
    <ClInclude Include="Source\Component\Public\CapsuleComponent.h">
      <Filter>Source\Component\Public</Filter>
    </ClInclude>
    <ClInclude Include="Source\Component\Public\SceneComponent.h">
      <Filter>Source\Component\Public</Filter>
    </ClInclude>
    <ClInclude Include="Source\Component\Mesh\Public\MeshComponent.h">
      <Filter>Source\Component\Mesh\Public</Filter>
    </ClInclude>
    <ClInclude Include="Source\Component\Mesh\Public\StaticMesh.h">
      <Filter>Source\Component\Mesh\Public</Filter>
    </ClInclude>
    <ClInclude Include="Source\Component\Mesh\Public\StaticMeshComponent.h">
      <Filter>Source\Component\Mesh\Public</Filter>
    </ClInclude>
    <ClInclude Include="Source\Component\Mesh\Public\VertexDatas.h">
      <Filter>Source\Component\Mesh\Public</Filter>
    </ClInclude>
    <ClInclude Include="Source\Level\Public\CurveLibrary.h">
      <Filter>Source\Level\Public</Filter>
    </ClInclude>
    <ClInclude Include="Source\Level\Public\GameInstance.h">
      <Filter>Source\Level\Public</Filter>
    </ClInclude>
    <ClInclude Include="Source\Level\Public\World.h">
      <Filter>Source\Level\Public</Filter>
    </ClInclude>
    <ClInclude Include="Source\Level\Public\Level.h">
      <Filter>Source\Level\Public</Filter>
    </ClInclude>
    <ClInclude Include="Source\Render\Camera\Public\CameraModifier.h">
      <Filter>Source\Render\Camera\Public</Filter>
    </ClInclude>
    <ClInclude Include="Source\Render\Camera\Public\CameraModifier_CameraShake.h">
      <Filter>Source\Render\Camera\Public</Filter>
    </ClInclude>
    <ClInclude Include="Source\Render\UI\Viewport\Public\GameViewportClient.h">
      <Filter>Source\Render\UI\Viewport\Public</Filter>
    </ClInclude>
    <ClInclude Include="Source\Render\UI\Viewport\Public\Viewport.h">
      <Filter>Source\Render\UI\Viewport\Public</Filter>
    </ClInclude>
    <ClInclude Include="Source\Render\UI\Viewport\Public\ViewportClient.h">
      <Filter>Source\Render\UI\Viewport\Public</Filter>
    </ClInclude>
    <ClInclude Include="Source\Render\UI\Viewport\Public\Window.h">
      <Filter>Source\Render\UI\Viewport\Public</Filter>
    </ClInclude>
    <ClInclude Include="Source\Render\UI\Overlay\Public\D2DOverlayManager.h">
      <Filter>Source\Render\UI\Overlay\Public</Filter>
    </ClInclude>
    <ClInclude Include="Source\Render\UI\Overlay\Public\StatOverlay.h">
      <Filter>Source\Render\UI\Overlay\Public</Filter>
    </ClInclude>
    <ClInclude Include="Source\Render\UI\Widget\Public\ScriptComponentWidget.h">
      <Filter>Source\Render\UI\Widget\Public</Filter>
    </ClInclude>
    <ClInclude Include="Source\Render\UI\Widget\Public\ActorDetailWidget.h">
      <Filter>Source\Render\UI\Widget\Public</Filter>
    </ClInclude>
    <ClInclude Include="Source\Render\UI\Widget\Public\AmbientLightComponentWidget.h">
      <Filter>Source\Render\UI\Widget\Public</Filter>
    </ClInclude>
    <ClInclude Include="Source\Render\UI\Widget\Public\ConsoleWidget.h">
      <Filter>Source\Render\UI\Widget\Public</Filter>
    </ClInclude>
    <ClInclude Include="Source\Render\UI\Widget\Public\DecalTextureSelectionWidget.h">
      <Filter>Source\Render\UI\Widget\Public</Filter>
    </ClInclude>
    <ClInclude Include="Source\Render\UI\Widget\Public\FPSWidget.h">
      <Filter>Source\Render\UI\Widget\Public</Filter>
    </ClInclude>
    <ClInclude Include="Source\Render\UI\Widget\Public\HeightFogComponentWidget.h">
      <Filter>Source\Render\UI\Widget\Public</Filter>
    </ClInclude>
    <ClInclude Include="Source\Render\UI\Widget\Public\LightSensorComponentWidget.h">
      <Filter>Source\Render\UI\Widget\Public</Filter>
    </ClInclude>
    <ClInclude Include="Source\Render\UI\Widget\Public\InputInformationWidget.h">
      <Filter>Source\Render\UI\Widget\Public</Filter>
    </ClInclude>
    <ClInclude Include="Source\Render\UI\Widget\Public\LevelTabBarWidget.h">
      <Filter>Source\Render\UI\Widget\Public</Filter>
    </ClInclude>
    <ClInclude Include="Source\Render\UI\Widget\Public\MainBarWidget.h">
      <Filter>Source\Render\UI\Widget\Public</Filter>
    </ClInclude>
    <ClInclude Include="Source\Render\UI\Widget\Public\ActorSpawnWidget.h">
      <Filter>Source\Render\UI\Widget\Public</Filter>
    </ClInclude>
    <ClInclude Include="Source\Render\UI\Widget\Public\DirectionalLightComponentWidget.h">
      <Filter>Source\Render\UI\Widget\Public</Filter>
    </ClInclude>
    <ClInclude Include="Source\Render\UI\Widget\Public\PointLightComponentWidget.h">
      <Filter>Source\Render\UI\Widget\Public</Filter>
    </ClInclude>
    <ClInclude Include="Source\Render\UI\Widget\Public\SphereComponentWidget.h">
      <Filter>Source\Render\UI\Widget\Public</Filter>
    </ClInclude>
    <ClInclude Include="Source\Render\UI\Widget\Public\BoxComponentWidget.h">
      <Filter>Source\Render\UI\Widget\Public</Filter>
    </ClInclude>
    <ClInclude Include="Source\Render\UI\Widget\Public\CameraComponentWidget.h">
      <Filter>Source\Render\UI\Widget\Public</Filter>
    </ClInclude>
    <ClInclude Include="Source\Render\UI\Widget\Public\CapsuleComponentWidget.h">
      <Filter>Source\Render\UI\Widget\Public</Filter>
    </ClInclude>
    <ClInclude Include="Source\Render\UI\Widget\Public\ProjectileMovementComponentWidget.h">
      <Filter>Source\Render\UI\Widget\Public</Filter>
    </ClInclude>
    <ClInclude Include="Source\Render\UI\Widget\Public\RotatingMovementComponentWidget.h">
      <Filter>Source\Render\UI\Widget\Public</Filter>
    </ClInclude>
    <ClInclude Include="Source\Render\UI\Widget\Public\SceneHierarchyWidget.h">
      <Filter>Source\Render\UI\Widget\Public</Filter>
    </ClInclude>
    <ClInclude Include="Source\Render\UI\Widget\Public\SceneIOWidget.h">
      <Filter>Source\Render\UI\Widget\Public</Filter>
    </ClInclude>
    <ClInclude Include="Source\Render\UI\Widget\Public\SetTextComponentWidget.h">
      <Filter>Source\Render\UI\Widget\Public</Filter>
    </ClInclude>
    <ClInclude Include="Source\Render\UI\Widget\Public\SpotLightComponentWidget.h">
      <Filter>Source\Render\UI\Widget\Public</Filter>
    </ClInclude>
    <ClInclude Include="Source\Render\UI\Widget\Public\SpriteSelectionWidget.h">
      <Filter>Source\Render\UI\Widget\Public</Filter>
    </ClInclude>
    <ClInclude Include="Source\Render\UI\Widget\Public\StaticMeshComponentWidget.h">
      <Filter>Source\Render\UI\Widget\Public</Filter>
    </ClInclude>
    <ClInclude Include="Source\Render\UI\Widget\Public\StatusBarWidget.h">
      <Filter>Source\Render\UI\Widget\Public</Filter>
    </ClInclude>
    <ClInclude Include="Source\Render\UI\Widget\Public\ViewportControlWidget.h">
      <Filter>Source\Render\UI\Widget\Public</Filter>
    </ClInclude>
    <ClInclude Include="Source\Render\UI\Widget\Public\ViewportMenuBarWidget.h">
      <Filter>Source\Render\UI\Widget\Public</Filter>
    </ClInclude>
    <ClInclude Include="Source\Render\UI\Widget\Public\Widget.h">
      <Filter>Source\Render\UI\Widget\Public</Filter>
    </ClInclude>
    <ClInclude Include="Source\Render\UI\Window\Public\CurveEditorWindow.h">
      <Filter>Source\Render\UI\Window\Public</Filter>
    </ClInclude>
    <ClInclude Include="Source\Render\UI\Window\Public\ConsoleWindow.h">
      <Filter>Source\Render\UI\Window\Public</Filter>
    </ClInclude>
    <ClInclude Include="Source\Render\UI\Window\Public\ControlPanelWindow.h">
      <Filter>Source\Render\UI\Window\Public</Filter>
    </ClInclude>
    <ClInclude Include="Source\Render\UI\Window\Public\EditorWindow.h">
      <Filter>Source\Render\UI\Window\Public</Filter>
    </ClInclude>
    <ClInclude Include="Source\Render\UI\Window\Public\ExperimentalFeatureWindow.h">
      <Filter>Source\Render\UI\Window\Public</Filter>
    </ClInclude>
    <ClInclude Include="Source\Render\UI\Window\Public\LevelTabBarWindow.h">
      <Filter>Source\Render\UI\Window\Public</Filter>
    </ClInclude>
    <ClInclude Include="Source\Render\UI\Window\Public\MainMenuWindow.h">
      <Filter>Source\Render\UI\Window\Public</Filter>
    </ClInclude>
    <ClInclude Include="Source\Render\UI\Window\Public\OutlinerWindow.h">
      <Filter>Source\Render\UI\Window\Public</Filter>
    </ClInclude>
    <ClInclude Include="Source\Render\UI\Window\Public\DetailWindow.h">
      <Filter>Source\Render\UI\Window\Public</Filter>
    </ClInclude>
    <ClInclude Include="Source\Render\UI\Window\Public\UIWindow.h">
      <Filter>Source\Render\UI\Window\Public</Filter>
    </ClInclude>
    <ClInclude Include="Source\Render\UI\Window\Public\ViewportClientWindow.h">
      <Filter>Source\Render\UI\Window\Public</Filter>
    </ClInclude>
    <ClInclude Include="Source\Render\UI\Layout\Public\Splitter.h">
      <Filter>Source\Render\UI\Layout\Public</Filter>
    </ClInclude>
    <ClInclude Include="Source\Render\UI\Layout\Public\SplitterH.h">
      <Filter>Source\Render\UI\Layout\Public</Filter>
    </ClInclude>
    <ClInclude Include="Source\Render\UI\Layout\Public\SplitterV.h">
      <Filter>Source\Render\UI\Layout\Public</Filter>
    </ClInclude>
    <ClInclude Include="Source\Render\UI\Factory\Public\UIWindowFactory.h">
      <Filter>Source\Render\UI\Factory\Public</Filter>
    </ClInclude>
    <ClInclude Include="Source\Render\UI\ImGui\Public\ImGuiHelper.h">
      <Filter>Source\Render\UI\ImGui\Public</Filter>
    </ClInclude>
    <ClInclude Include="Source\Render\Renderer\Public\DeviceResources.h">
      <Filter>Source\Render\Renderer\Public</Filter>
    </ClInclude>
    <ClInclude Include="Source\Render\Renderer\Public\Pipeline.h">
      <Filter>Source\Render\Renderer\Public</Filter>
    </ClInclude>
    <ClInclude Include="Source\Render\Renderer\Public\Renderer.h">
      <Filter>Source\Render\Renderer\Public</Filter>
    </ClInclude>
    <ClInclude Include="Source\Render\Renderer\Public\RenderResourceFactory.h">
      <Filter>Source\Render\Renderer\Public</Filter>
    </ClInclude>
    <ClInclude Include="Source\Render\Renderer\Public\SceneRenderer.h">
      <Filter>Source\Render\Renderer\Public</Filter>
    </ClInclude>
    <ClInclude Include="Source\Render\Renderer\Public\SceneView.h">
      <Filter>Source\Render\Renderer\Public</Filter>
    </ClInclude>
    <ClInclude Include="Source\Render\Renderer\Public\SceneViewFamily.h">
      <Filter>Source\Render\Renderer\Public</Filter>
    </ClInclude>
    <ClInclude Include="Source\Render\RenderPass\Public\BillboardPass.h">
      <Filter>Source\Render\RenderPass\Public</Filter>
    </ClInclude>
    <ClInclude Include="Source\Render\RenderPass\Public\CameraPostProcessPass.h">
      <Filter>Source\Render\RenderPass\Public</Filter>
    </ClInclude>
    <ClInclude Include="Source\Render\RenderPass\Public\CameraPrePass.h">
      <Filter>Source\Render\RenderPass\Public</Filter>
    </ClInclude>
    <ClInclude Include="Source\Render\RenderPass\Public\ClusteredRenderingGridPass.h">
      <Filter>Source\Render\RenderPass\Public</Filter>
    </ClInclude>
    <ClInclude Include="Source\Render\RenderPass\Public\ColorCopyPass.h">
      <Filter>Source\Render\RenderPass\Public</Filter>
    </ClInclude>
    <ClInclude Include="Source\Render\RenderPass\Public\DecalPass.h">
      <Filter>Source\Render\RenderPass\Public</Filter>
    </ClInclude>
    <ClInclude Include="Source\Render\RenderPass\Public\EditorIconPass.h">
      <Filter>Source\Render\RenderPass\Public</Filter>
    </ClInclude>
    <ClInclude Include="Source\Render\RenderPass\Public\HitProxyPass.h">
      <Filter>Source\Render\RenderPass\Public</Filter>
    </ClInclude>
    <ClInclude Include="Source\Render\RenderPass\Public\LightPass.h">
      <Filter>Source\Render\RenderPass\Public</Filter>
    </ClInclude>
    <ClInclude Include="Source\Render\RenderPass\Public\LightSensorPass.h">
      <Filter>Source\Render\RenderPass\Public</Filter>
    </ClInclude>
    <ClInclude Include="Source\Render\RenderPass\Public\PointLightPass.h">
      <Filter>Source\Render\RenderPass\Public</Filter>
    </ClInclude>
    <ClInclude Include="Source\Render\RenderPass\Public\FogPass.h">
      <Filter>Source\Render\RenderPass\Public</Filter>
    </ClInclude>
    <ClInclude Include="Source\Render\RenderPass\Public\FXAAPass.h">
      <Filter>Source\Render\RenderPass\Public</Filter>
    </ClInclude>
    <ClInclude Include="Source\Render\RenderPass\Public\RenderingContext.h">
      <Filter>Source\Render\RenderPass\Public</Filter>
    </ClInclude>
    <ClInclude Include="Source\Render\RenderPass\Public\SharedLightResources.h">
      <Filter>Source\Render\RenderPass\Public</Filter>
    </ClInclude>
    <ClInclude Include="Source\Render\RenderPass\Public\RenderPass.h">
      <Filter>Source\Render\RenderPass\Public</Filter>
    </ClInclude>
    <ClInclude Include="Source\Render\RenderPass\Public\SceneDepthPass.h">
      <Filter>Source\Render\RenderPass\Public</Filter>
    </ClInclude>
    <ClInclude Include="Source\Render\RenderPass\Public\ShadowData.h">
      <Filter>Source\Render\RenderPass\Public</Filter>
    </ClInclude>
    <ClInclude Include="Source\Render\RenderPass\Public\ShadowMapPass.h">
      <Filter>Source\Render\RenderPass\Public</Filter>
    </ClInclude>
    <ClInclude Include="Source\Render\RenderPass\Public\StaticMeshPass.h">
      <Filter>Source\Render\RenderPass\Public</Filter>
    </ClInclude>
    <ClInclude Include="Source\Render\RenderPass\Public\TextPass.h">
      <Filter>Source\Render\RenderPass\Public</Filter>
    </ClInclude>
    <ClInclude Include="Source\Render\RenderPass\Public\ShadowMapFilterPass.h">
      <Filter>Source\Render\RenderPass\Public</Filter>
    </ClInclude>
    <ClInclude Include="Source\Render\HitProxy\Public\HitProxy.h">
      <Filter>Source\Render\HitProxy\Public</Filter>
    </ClInclude>
    <ClInclude Include="Source\Render\Shadow\Public\PSMBounding.h">
      <Filter>Source\Render\Shadow\Public</Filter>
    </ClInclude>
    <ClInclude Include="Source\Render\Shadow\Public\PSMCalculator.h">
      <Filter>Source\Render\Shadow\Public</Filter>
    </ClInclude>
    <ClInclude Include="Source\Actor\Public\Actor.h">
      <Filter>Source\Actor\Public</Filter>
    </ClInclude>
    <ClInclude Include="Source\Actor\Public\AmbientLight.h">
      <Filter>Source\Actor\Public</Filter>
    </ClInclude>
    <ClInclude Include="Source\Actor\Public\BillBoardActor.h">
      <Filter>Source\Actor\Public</Filter>
    </ClInclude>
    <ClInclude Include="Source\Actor\Public\CameraActor.h">
      <Filter>Source\Actor\Public</Filter>
    </ClInclude>
    <ClInclude Include="Source\Actor\Public\CubeActor.h">
      <Filter>Source\Actor\Public</Filter>
    </ClInclude>
    <ClInclude Include="Source\Actor\Public\DecalActor.h">
      <Filter>Source\Actor\Public</Filter>
    </ClInclude>
    <ClInclude Include="Source\Actor\Public\DecalSpotLightActor.h">
      <Filter>Source\Actor\Public</Filter>
    </ClInclude>
    <ClInclude Include="Source\Actor\Public\DirectionalLight.h">
      <Filter>Source\Actor\Public</Filter>
    </ClInclude>
    <ClInclude Include="Source\Actor\Public\EnemySpawnerActor.h">
      <Filter>Source\Actor\Public</Filter>
    </ClInclude>
    <ClInclude Include="Source\Actor\Public\GameMode.h">
      <Filter>Source\Actor\Public</Filter>
    </ClInclude>
    <ClInclude Include="Source\Actor\Public\HeightFogActor.h">
      <Filter>Source\Actor\Public</Filter>
    </ClInclude>
    <ClInclude Include="Source\Actor\Public\Light.h">
      <Filter>Source\Actor\Public</Filter>
    </ClInclude>
    <ClInclude Include="Source\Actor\Public\MovingCubeActor.h">
      <Filter>Source\Actor\Public</Filter>
    </ClInclude>
    <ClInclude Include="Source\Actor\Public\PlayerCameraManager.h">
      <Filter>Source\Actor\Public</Filter>
    </ClInclude>
    <ClInclude Include="Source\Actor\Public\PlayerStart.h">
      <Filter>Source\Actor\Public</Filter>
    </ClInclude>
    <ClInclude Include="Source\Actor\Public\PointLight.h">
      <Filter>Source\Actor\Public</Filter>
    </ClInclude>
    <ClInclude Include="Source\Actor\Public\SphereActor.h">
      <Filter>Source\Actor\Public</Filter>
    </ClInclude>
    <ClInclude Include="Source\Actor\Public\SpotLight.h">
      <Filter>Source\Actor\Public</Filter>
    </ClInclude>
    <ClInclude Include="Source\Actor\Public\StaticMeshActor.h">
      <Filter>Source\Actor\Public</Filter>
    </ClInclude>
    <ClInclude Include="Source\Actor\Public\TextActor.h">
      <Filter>Source\Actor\Public</Filter>
    </ClInclude>
    <ClInclude Include="Source\Actor\Public\TriangleActor.h">
      <Filter>Source\Actor\Public</Filter>
    </ClInclude>
    <ClInclude Include="Source\Core\Public\Archive.h">
      <Filter>Source\Core\Public</Filter>
    </ClInclude>
    <ClInclude Include="Source\Core\Public\NewObject.h">
      <Filter>Source\Core\Public</Filter>
    </ClInclude>
    <ClInclude Include="Source\Core\Public\ObjectIterator.h">
      <Filter>Source\Core\Public</Filter>
    </ClInclude>
    <ClInclude Include="Source\Core\Public\WindowsBinReader.h">
      <Filter>Source\Core\Public</Filter>
    </ClInclude>
    <ClInclude Include="Source\Core\Public\WindowsBinWriter.h">
      <Filter>Source\Core\Public</Filter>
    </ClInclude>
    <ClInclude Include="Source\Core\Public\AppWindow.h">
      <Filter>Source\Core\Public</Filter>
    </ClInclude>
    <ClInclude Include="Source\Core\Public\Class.h">
      <Filter>Source\Core\Public</Filter>
    </ClInclude>
    <ClInclude Include="Source\Core\Public\ClientApp.h">
      <Filter>Source\Core\Public</Filter>
    </ClInclude>
    <ClInclude Include="Source\Core\Public\Delegate.h">
      <Filter>Source\Core\Public</Filter>
    </ClInclude>
    <ClInclude Include="Source\Core\Public\EngineStatics.h">
      <Filter>Source\Core\Public</Filter>
    </ClInclude>
    <ClInclude Include="Source\Core\Public\Name.h">
      <Filter>Source\Core\Public</Filter>
    </ClInclude>
    <ClInclude Include="Source\Core\Public\Object.h">
      <Filter>Source\Core\Public</Filter>
    </ClInclude>
    <ClInclude Include="Source\Core\Public\ObjectHandle.h">
      <Filter>Source\Core\Public</Filter>
    </ClInclude>
    <ClInclude Include="Source\Core\Public\WeakObjectPtr.h">
      <Filter>Source\Core\Public</Filter>
    </ClInclude>
    <ClInclude Include="Source\Core\Public\resource.h">
      <Filter>Source\Core\Public</Filter>
    </ClInclude>
    <ClInclude Include="Source\Demo\Public\Player.h">
      <Filter>Source\Demo\Public</Filter>
    </ClInclude>
    <ClInclude Include="Source\Editor\Public\EditorEngine.h">
      <Filter>Source\Editor\Public</Filter>
    </ClInclude>
    <ClInclude Include="Source\Editor\Public\Axis.h">
      <Filter>Source\Editor\Public</Filter>
    </ClInclude>
    <ClInclude Include="Source\Editor\Public\BatchLines.h">
      <Filter>Source\Editor\Public</Filter>
    </ClInclude>
    <ClInclude Include="Source\Editor\Public\BoundingBoxLines.h">
      <Filter>Source\Editor\Public</Filter>
    </ClInclude>
    <ClInclude Include="Source\Editor\Public\Camera.h">
      <Filter>Source\Editor\Public</Filter>
    </ClInclude>
    <ClInclude Include="Source\Editor\Public\Editor.h">
      <Filter>Source\Editor\Public</Filter>
    </ClInclude>
    <ClInclude Include="Source\Editor\Public\EditorPrimitive.h">
      <Filter>Source\Editor\Public</Filter>
    </ClInclude>
    <ClInclude Include="Source\Editor\Public\Gizmo.h">
      <Filter>Source\Editor\Public</Filter>
    </ClInclude>
    <ClInclude Include="Source\Editor\Public\GizmoGeometry.h">
      <Filter>Source\Editor\Public</Filter>
    </ClInclude>
    <ClInclude Include="Source\Editor\Public\GizmoMath.h">
      <Filter>Source\Editor\Public</Filter>
    </ClInclude>
    <ClInclude Include="Source\Editor\Public\GizmoTypes.h">
      <Filter>Source\Editor\Public</Filter>
    </ClInclude>
    <ClInclude Include="Source\Editor\Public\Grid.h">
      <Filter>Source\Editor\Public</Filter>
    </ClInclude>
    <ClInclude Include="Source\Editor\Public\ObjectPicker.h">
      <Filter>Source\Editor\Public</Filter>
    </ClInclude>
    <ClInclude Include="Source\Global\CurveTypes.h">
      <Filter>Source\Global</Filter>
    </ClInclude>
    <ClInclude Include="Source\Global\BuildConfig.h">
      <Filter>Source\Global</Filter>
    </ClInclude>
    <ClInclude Include="Source\Global\BVH.h">
      <Filter>Source\Global</Filter>
    </ClInclude>
    <ClInclude Include="Source\Global\CameraTypes.h">
      <Filter>Source\Global</Filter>
    </ClInclude>
    <ClInclude Include="Source\Global\FString.h">
      <Filter>Source\Global</Filter>
    </ClInclude>
    <ClInclude Include="Source\Global\Octree.h">
      <Filter>Source\Global</Filter>
    </ClInclude>
    <ClInclude Include="Source\Global\OverlapInfo.h">
      <Filter>Source\Global</Filter>
    </ClInclude>
    <ClInclude Include="Source\Global\Quaternion.h">
      <Filter>Source\Global</Filter>
    </ClInclude>
    <ClInclude Include="Source\Global\Rotator.h">
      <Filter>Source\Global</Filter>
    </ClInclude>
    <ClInclude Include="Source\Global\Constant.h">
      <Filter>Source\Global</Filter>
    </ClInclude>
    <ClInclude Include="Source\Global\CoreTypes.h">
      <Filter>Source\Global</Filter>
    </ClInclude>
    <ClInclude Include="Source\Global\Enum.h">
      <Filter>Source\Global</Filter>
    </ClInclude>
    <ClInclude Include="Source\Global\EnumReflection.h">
      <Filter>Source\Global</Filter>
    </ClInclude>
    <ClInclude Include="Source\Global\Function.h">
      <Filter>Source\Global</Filter>
    </ClInclude>
    <ClInclude Include="Source\Global\Macro.h">
      <Filter>Source\Global</Filter>
    </ClInclude>
    <ClInclude Include="Source\Global\Matrix.h">
      <Filter>Source\Global</Filter>
    </ClInclude>
    <ClInclude Include="Source\Global\Memory.h">
      <Filter>Source\Global</Filter>
    </ClInclude>
    <ClInclude Include="Source\Global\Types.h">
      <Filter>Source\Global</Filter>
    </ClInclude>
    <ClInclude Include="Source\Global\Vector.h">
      <Filter>Source\Global</Filter>
    </ClInclude>
    <ClInclude Include="Source\Manager\Lua\Public\LuaBinder.h">
      <Filter>Source\Manager\Lua\Public</Filter>
    </ClInclude>
    <ClInclude Include="Source\Manager\Lua\Public\LuaManager.h">
      <Filter>Source\Manager\Lua\Public</Filter>
    </ClInclude>
    <ClInclude Include="Source\Manager\Render\Public\CascadeManager.h">
      <Filter>Source\Manager\Render\Public</Filter>
    </ClInclude>
    <ClInclude Include="Source\Manager\UI\Public\ViewportManager.h">
      <Filter>Source\Manager\UI\Public</Filter>
    </ClInclude>
    <ClInclude Include="Source\Manager\UI\Public\UIManager.h">
      <Filter>Source\Manager\UI\Public</Filter>
    </ClInclude>
    <ClInclude Include="Source\Manager\Asset\Public\ObjImporter.h">
      <Filter>Source\Manager\Asset\Public</Filter>
    </ClInclude>
    <ClInclude Include="Source\Manager\Asset\Public\ObjManager.h">
      <Filter>Source\Manager\Asset\Public</Filter>
    </ClInclude>
    <ClInclude Include="Source\Manager\Asset\Public\TextureManager.h">
      <Filter>Source\Manager\Asset\Public</Filter>
    </ClInclude>
    <ClInclude Include="Source\Manager\Asset\Public\AssetManager.h">
      <Filter>Source\Manager\Asset\Public</Filter>
    </ClInclude>
    <ClInclude Include="Source\Manager\Config\Public\ConfigManager.h">
      <Filter>Source\Manager\Config\Public</Filter>
    </ClInclude>
    <ClInclude Include="Source\Manager\Input\Public\InputManager.h">
      <Filter>Source\Manager\Input\Public</Filter>
    </ClInclude>
    <ClInclude Include="Source\Manager\Path\Public\PathManager.h">
      <Filter>Source\Manager\Path\Public</Filter>
    </ClInclude>
    <ClInclude Include="Source\Manager\Time\Public\TimeManager.h">
      <Filter>Source\Manager\Time\Public</Filter>
    </ClInclude>
    <ClInclude Include="Source\Physics\Public\AABB.h">
      <Filter>Source\Physics\Public</Filter>
    </ClInclude>
    <ClInclude Include="Source\Physics\Public\Bounds.h">
      <Filter>Source\Physics\Public</Filter>
    </ClInclude>
    <ClInclude Include="Source\Physics\Public\BoundingSphere.h">
      <Filter>Source\Physics\Public</Filter>
    </ClInclude>
    <ClInclude Include="Source\Physics\Public\Capsule.h">
      <Filter>Source\Physics\Public</Filter>
    </ClInclude>
    <ClInclude Include="Source\Physics\Public\CollisionHelper.h">
      <Filter>Source\Physics\Public</Filter>
    </ClInclude>
    <ClInclude Include="Source\Physics\Public\HitResult.h">
      <Filter>Source\Physics\Public</Filter>
    </ClInclude>
    <ClInclude Include="Source\Physics\Public\BoundingVolume.h">
      <Filter>Source\Physics\Public</Filter>
    </ClInclude>
    <ClInclude Include="Source\Physics\Public\OBB.h">
      <Filter>Source\Physics\Public</Filter>
    </ClInclude>
    <ClInclude Include="Source\Subsystem\Public\EngineSubsystem.h">
      <Filter>Source\Subsystem\Public</Filter>
    </ClInclude>
    <ClInclude Include="Source\Subsystem\Public\Subsystem.h">
      <Filter>Source\Subsystem\Public</Filter>
    </ClInclude>
    <ClInclude Include="Source\Subsystem\Public\SubsystemCollection.h">
      <Filter>Source\Subsystem\Public</Filter>
    </ClInclude>
    <ClInclude Include="Source\Texture\Public\ShadowMapResources.h">
      <Filter>Source\Texture\Public</Filter>
    </ClInclude>
    <ClInclude Include="Source\Texture\Public\Material.h">
      <Filter>Source\Texture\Public</Filter>
    </ClInclude>
    <ClInclude Include="Source\Texture\Public\Texture.h">
      <Filter>Source\Texture\Public</Filter>
    </ClInclude>
    <ClInclude Include="Source\Texture\Public\TextureFilter.h">
      <Filter>Source\Texture\Public</Filter>
    </ClInclude>
    <ClInclude Include="Source\Texture\Public\TextureRenderProxy.h">
      <Filter>Source\Texture\Public</Filter>
    </ClInclude>
    <ClInclude Include="Source\Utility\Public\JsonSerializer.h">
      <Filter>Source\Utility\Public</Filter>
    </ClInclude>
    <ClInclude Include="Source\Utility\Public\LogFileWriter.h">
      <Filter>Source\Utility\Public</Filter>
    </ClInclude>
    <ClInclude Include="Source\Utility\Public\ScopeCycleCounter.h">
      <Filter>Source\Utility\Public</Filter>
    </ClInclude>
    <ClInclude Include="Source\Utility\Public\TextureConverter.h">
      <Filter>Source\Utility\Public</Filter>
    </ClInclude>
    <ClInclude Include="Source\Utility\Public\UELogParser.h">
      <Filter>Source\Utility\Public</Filter>
    </ClInclude>
    <ClInclude Include="Source\Runtime\Core\Public\Containers\TArray.h">
      <Filter>Source\Runtime\Core\Public\Containers</Filter>
    </ClInclude>
    <ClInclude Include="Source\Runtime\Core\Public\Containers\TMap.h">
      <Filter>Source\Runtime\Core\Public\Containers</Filter>
    </ClInclude>
    <ClInclude Include="Source\Runtime\Core\Public\Containers\TSet.h">
      <Filter>Source\Runtime\Core\Public\Containers</Filter>
    </ClInclude>
    <ClInclude Include="Source\Runtime\Core\Public\Templates\EnableSharedFromThis.h">
      <Filter>Source\Runtime\Core\Public\Templates</Filter>
    </ClInclude>
    <ClInclude Include="Source\Runtime\Core\Public\Templates\ObjectPtr.h">
      <Filter>Source\Runtime\Core\Public\Templates</Filter>
    </ClInclude>
    <ClInclude Include="Source\Runtime\Core\Public\Templates\SharedPointerInternals.h">
      <Filter>Source\Runtime\Core\Public\Templates</Filter>
    </ClInclude>
    <ClInclude Include="Source\Runtime\Core\Public\Templates\SharedPtr.h">
      <Filter>Source\Runtime\Core\Public\Templates</Filter>
    </ClInclude>
    <ClInclude Include="Source\Runtime\Core\Public\Templates\TemplateUtilities.h">
      <Filter>Source\Runtime\Core\Public\Templates</Filter>
    </ClInclude>
    <ClInclude Include="Source\Runtime\Core\Public\Templates\UniquePtr.h">
      <Filter>Source\Runtime\Core\Public\Templates</Filter>
    </ClInclude>
    <ClInclude Include="Source\Runtime\Core\Public\Templates\WeakPtr.h">
      <Filter>Source\Runtime\Core\Public\Templates</Filter>
    </ClInclude>
    <ClInclude Include="Source\ImGui\imconfig.h">
      <Filter>Source\ImGui</Filter>
    </ClInclude>
    <ClInclude Include="Source\ImGui\imgui.h">
      <Filter>Source\ImGui</Filter>
    </ClInclude>
    <ClInclude Include="Source\ImGui\imgui_impl_dx11.h">
      <Filter>Source\ImGui</Filter>
    </ClInclude>
    <ClInclude Include="Source\ImGui\imgui_impl_win32.h">
      <Filter>Source\ImGui</Filter>
    </ClInclude>
    <ClInclude Include="Source\ImGui\imgui_internal.h">
      <Filter>Source\ImGui</Filter>
    </ClInclude>
    <ClInclude Include="Source\ImGui\imstb_rectpack.h">
      <Filter>Source\ImGui</Filter>
    </ClInclude>
    <ClInclude Include="Source\ImGui\imstb_textedit.h">
      <Filter>Source\ImGui</Filter>
    </ClInclude>
    <ClInclude Include="Source\ImGui\imstb_truetype.h">
      <Filter>Source\ImGui</Filter>
    </ClInclude>
    <ClInclude Include="Source\Optimization\Public\OcclusionCuller.h">
      <Filter>Source\Optimization\Public</Filter>
    </ClInclude>
    <ClInclude Include="Source\Optimization\Public\ViewVolumeCuller.h">
      <Filter>Source\Optimization\Public</Filter>
    </ClInclude>
  </ItemGroup>
  <ItemGroup>
    <Filter Include="Source">
      <UniqueIdentifier>{8e497631-00af-4f26-a2d3-1c2d4d6c5d6c}</UniqueIdentifier>
    </Filter>
    <Filter Include="Source\Component">
      <UniqueIdentifier>{c64621a7-2391-4fea-b9ce-4b5ebed2062a}</UniqueIdentifier>
    </Filter>
    <Filter Include="Source\Component\Mesh">
      <UniqueIdentifier>{087a30b8-d8a9-458e-8d50-a91fdee304dd}</UniqueIdentifier>
    </Filter>
    <Filter Include="Source\Component\Mesh\Private">
      <UniqueIdentifier>{97fb7099-c986-4a84-9a28-bf2503f991dc}</UniqueIdentifier>
    </Filter>
    <Filter Include="Source\Runtime">
      <UniqueIdentifier>{23096263-544d-4f64-b90e-7daf3351eaf3}</UniqueIdentifier>
    </Filter>
    <Filter Include="Source\Runtime\Engine">
      <UniqueIdentifier>{7930efb3-58da-4b93-b9f8-141ca60f6c03}</UniqueIdentifier>
    </Filter>
    <Filter Include="Source\Runtime\Engine\Private">
      <UniqueIdentifier>{9013af28-85a1-4649-ab7d-d5853cc6811f}</UniqueIdentifier>
    </Filter>
    <Filter Include="Source\Render">
      <UniqueIdentifier>{3f4e89b5-ab30-4ea7-80be-0cf27e410139}</UniqueIdentifier>
    </Filter>
    <Filter Include="Source\Render\UI">
      <UniqueIdentifier>{6d5883f8-dd95-459c-b781-5da3fd46e5c6}</UniqueIdentifier>
    </Filter>
    <Filter Include="Source\Render\UI\Window">
      <UniqueIdentifier>{212e9dd4-2284-4e93-8974-3481566d5dd7}</UniqueIdentifier>
    </Filter>
    <Filter Include="Source\Render\UI\Window\Private">
      <UniqueIdentifier>{0c21f068-578a-433b-b885-d8721586140b}</UniqueIdentifier>
    </Filter>
    <Filter Include="Source\Component\Mesh\Public">
      <UniqueIdentifier>{35131919-d91f-4628-a0fc-17739981a5ed}</UniqueIdentifier>
    </Filter>
    <Filter Include="Source\Render\UI\Window\Public">
      <UniqueIdentifier>{bd167d31-09d2-4c9d-b7f2-6be20e99818e}</UniqueIdentifier>
    </Filter>
    <Filter Include="Source\Runtime\Engine\Public">
      <UniqueIdentifier>{5f7eb5bf-a702-4385-8c46-ba8ddb3e493c}</UniqueIdentifier>
    </Filter>
    <Filter Include="Asset">
      <UniqueIdentifier>{995fc038-d14d-4ac0-83e8-9be18eabfb07}</UniqueIdentifier>
    </Filter>
    <Filter Include="Asset\Shader">
      <UniqueIdentifier>{a5e6888f-41ec-4345-a19b-b767d9af420a}</UniqueIdentifier>
    </Filter>
    <Filter Include="Source\Component\Private">
      <UniqueIdentifier>{207694bf-4e03-41a2-abb9-185562ea14a3}</UniqueIdentifier>
    </Filter>
    <Filter Include="Source\Component\Public">
      <UniqueIdentifier>{45aefd5e-c12e-4b81-9d7a-ba5a04e9c038}</UniqueIdentifier>
    </Filter>
    <Filter Include="Source\Level">
      <UniqueIdentifier>{23fd1209-dcd9-43d4-953f-012ac355ca53}</UniqueIdentifier>
    </Filter>
    <Filter Include="Source\Level\Private">
      <UniqueIdentifier>{1b7495ef-688d-42ac-8a24-99679ea5fba8}</UniqueIdentifier>
    </Filter>
    <Filter Include="Source\Level\Public">
      <UniqueIdentifier>{4d876caa-24fa-437e-85b2-f7158b3bc7ea}</UniqueIdentifier>
    </Filter>
    <Filter Include="Source\Render\Camera">
      <UniqueIdentifier>{d766dfe5-df8e-4004-ab08-51115304695c}</UniqueIdentifier>
    </Filter>
    <Filter Include="Source\Render\Camera\Private">
      <UniqueIdentifier>{eb222138-084c-4962-9b7d-d3b01f7b3d0f}</UniqueIdentifier>
    </Filter>
    <Filter Include="Source\Render\Camera\Public">
      <UniqueIdentifier>{ede59733-57f7-498d-a906-86ca8e579d16}</UniqueIdentifier>
    </Filter>
    <Filter Include="Source\Render\UI\Viewport">
      <UniqueIdentifier>{9b80b246-5ff8-4a7c-85f5-da73f55b2bba}</UniqueIdentifier>
    </Filter>
    <Filter Include="Source\Render\UI\Viewport\Private">
      <UniqueIdentifier>{99796c4e-9e8d-45b1-a972-f90fc63802b7}</UniqueIdentifier>
    </Filter>
    <Filter Include="Source\Render\UI\Viewport\Public">
      <UniqueIdentifier>{1962b09d-4765-461b-b030-2143a5cc6942}</UniqueIdentifier>
    </Filter>
    <Filter Include="Source\Render\UI\Overlay">
      <UniqueIdentifier>{c7539300-0ae9-480b-b7c9-62f949a3cbc8}</UniqueIdentifier>
    </Filter>
    <Filter Include="Source\Render\UI\Overlay\Private">
      <UniqueIdentifier>{bca22f20-65e6-42ed-aa43-8ff5a35008b0}</UniqueIdentifier>
    </Filter>
    <Filter Include="Source\Render\UI\Overlay\Public">
      <UniqueIdentifier>{360c2741-a995-4670-80ca-4d824316af9f}</UniqueIdentifier>
    </Filter>
    <Filter Include="Source\Render\UI\Widget">
      <UniqueIdentifier>{0b72b0b9-386e-494c-ae8a-0635ba9990f7}</UniqueIdentifier>
    </Filter>
    <Filter Include="Source\Render\UI\Widget\Private">
      <UniqueIdentifier>{91126979-6d17-421f-ba40-155f9ea22dbb}</UniqueIdentifier>
    </Filter>
    <Filter Include="Source\Render\UI\Widget\Public">
      <UniqueIdentifier>{e8cb6e02-d4a5-4295-b614-152a66d9285d}</UniqueIdentifier>
    </Filter>
    <Filter Include="Source\Render\UI\Layout">
      <UniqueIdentifier>{cd1108b4-a0a6-432a-a35f-f0761c377db0}</UniqueIdentifier>
    </Filter>
    <Filter Include="Source\Render\UI\Layout\Private">
      <UniqueIdentifier>{5f273a73-1a46-48e2-9ded-3ddaad2c6601}</UniqueIdentifier>
    </Filter>
    <Filter Include="Source\Render\UI\Layout\Public">
      <UniqueIdentifier>{86e259c8-d0fb-474f-b796-52dbe9b7721b}</UniqueIdentifier>
    </Filter>
    <Filter Include="Source\Render\UI\Factory">
      <UniqueIdentifier>{d30ece28-e5f5-4dd1-a2a2-7189c665e40d}</UniqueIdentifier>
    </Filter>
    <Filter Include="Source\Render\UI\Factory\Private">
      <UniqueIdentifier>{421682cc-4581-4a65-b091-2876b1aea4b3}</UniqueIdentifier>
    </Filter>
    <Filter Include="Source\Render\UI\Factory\Public">
      <UniqueIdentifier>{a4d17f09-d77d-4ec0-869e-cece8021b203}</UniqueIdentifier>
    </Filter>
    <Filter Include="Source\Render\UI\ImGui">
      <UniqueIdentifier>{62ee34ec-aad5-45cc-8fd7-e7b87db8064d}</UniqueIdentifier>
    </Filter>
    <Filter Include="Source\Render\UI\ImGui\Private">
      <UniqueIdentifier>{68744f3f-7053-4cd6-a2a0-67c17b3aa88b}</UniqueIdentifier>
    </Filter>
    <Filter Include="Source\Render\UI\ImGui\Public">
      <UniqueIdentifier>{88d0807d-244b-4564-854d-e1a3fb4e20fa}</UniqueIdentifier>
    </Filter>
    <Filter Include="Source\Render\Renderer">
      <UniqueIdentifier>{a2368b2c-ae74-4dcd-91df-d459484c8fcc}</UniqueIdentifier>
    </Filter>
    <Filter Include="Source\Render\Renderer\Private">
      <UniqueIdentifier>{60b9be5a-b093-4875-9ed7-bf142ac920c7}</UniqueIdentifier>
    </Filter>
    <Filter Include="Source\Render\Renderer\Public">
      <UniqueIdentifier>{8956edc5-0841-43c7-b5a9-6490d607e50b}</UniqueIdentifier>
    </Filter>
    <Filter Include="Source\Render\RenderPass">
      <UniqueIdentifier>{d8587e26-2ccb-4cc9-b8f4-c957f79ed09a}</UniqueIdentifier>
    </Filter>
    <Filter Include="Source\Render\RenderPass\Private">
      <UniqueIdentifier>{277dc9fc-e54b-4561-b56a-a66cee9ea6b8}</UniqueIdentifier>
    </Filter>
    <Filter Include="Source\Render\RenderPass\Public">
      <UniqueIdentifier>{877a5fff-ef51-421f-a78b-dd3394f9f585}</UniqueIdentifier>
    </Filter>
    <Filter Include="Source\Render\HitProxy">
      <UniqueIdentifier>{8aca4da2-f3f8-41fc-9563-3dc43f0a0c43}</UniqueIdentifier>
    </Filter>
    <Filter Include="Source\Render\HitProxy\Private">
      <UniqueIdentifier>{d53036b5-ae5f-4c89-9fa3-3c2a5d45f1d4}</UniqueIdentifier>
    </Filter>
    <Filter Include="Source\Render\HitProxy\Public">
      <UniqueIdentifier>{987a022e-1c7b-43f3-b0dd-4737187514d8}</UniqueIdentifier>
    </Filter>
    <Filter Include="Source\Render\Shadow">
      <UniqueIdentifier>{0c7559e5-527b-4ad1-8d3f-427fd4ca6274}</UniqueIdentifier>
    </Filter>
    <Filter Include="Source\Render\Shadow\Public">
      <UniqueIdentifier>{f00e79eb-64e1-4bd0-9b7f-00a527147963}</UniqueIdentifier>
    </Filter>
    <Filter Include="Source\Render\Shadow\Private">
      <UniqueIdentifier>{2233bd13-7d49-4163-b8ef-2f121c0761c6}</UniqueIdentifier>
    </Filter>
    <Filter Include="Source\Actor">
      <UniqueIdentifier>{982d5dc2-d009-4de7-b5bd-dd5fb5069c2f}</UniqueIdentifier>
    </Filter>
    <Filter Include="Source\Actor\Private">
      <UniqueIdentifier>{365297de-3d6c-478a-8b54-ebbf442774cc}</UniqueIdentifier>
    </Filter>
    <Filter Include="Source\Actor\Public">
      <UniqueIdentifier>{daaa2a1d-9dd1-4fbe-94a1-90a3e21062bf}</UniqueIdentifier>
    </Filter>
    <Filter Include="Source\Core">
      <UniqueIdentifier>{8d52f0cb-1211-4e09-afbd-bdc50a77e441}</UniqueIdentifier>
    </Filter>
    <Filter Include="Source\Core\Private">
      <UniqueIdentifier>{a8b1b5d5-819f-42e9-bb92-fa2865343386}</UniqueIdentifier>
    </Filter>
    <Filter Include="Source\Core\Public">
      <UniqueIdentifier>{96a69fd9-2569-4dff-9f27-1160daa016a1}</UniqueIdentifier>
    </Filter>
    <Filter Include="Source\Demo">
      <UniqueIdentifier>{8d49e19a-04d3-497b-95ca-98cee50b3873}</UniqueIdentifier>
    </Filter>
    <Filter Include="Source\Demo\Private">
      <UniqueIdentifier>{8eef428f-d2b5-48b5-bb20-89f52a397d2c}</UniqueIdentifier>
    </Filter>
    <Filter Include="Source\Demo\Public">
      <UniqueIdentifier>{6dda589a-f104-46fc-a50d-a4eda0a70ee0}</UniqueIdentifier>
    </Filter>
    <Filter Include="Source\Editor">
      <UniqueIdentifier>{dc45311d-0279-48a2-bda0-927d40c024da}</UniqueIdentifier>
    </Filter>
    <Filter Include="Source\Editor\Private">
      <UniqueIdentifier>{04981f8a-0832-454e-acb2-9a938df237ad}</UniqueIdentifier>
    </Filter>
    <Filter Include="Source\Editor\Public">
      <UniqueIdentifier>{318a9654-5310-44a8-b852-d281fbef6719}</UniqueIdentifier>
    </Filter>
    <Filter Include="Source\Global">
      <UniqueIdentifier>{ff4f212a-472d-4ffd-b24c-10a7a44655b0}</UniqueIdentifier>
    </Filter>
    <Filter Include="Source\Manager">
      <UniqueIdentifier>{8a935790-f114-4bea-82ea-68a92c86e060}</UniqueIdentifier>
    </Filter>
    <Filter Include="Source\Manager\Lua">
      <UniqueIdentifier>{a0055554-2d09-49a6-bb94-df5c8b2576b4}</UniqueIdentifier>
    </Filter>
    <Filter Include="Source\Manager\Lua\Private">
      <UniqueIdentifier>{79437ebd-ac29-4836-9478-b0672e73dbca}</UniqueIdentifier>
    </Filter>
    <Filter Include="Source\Manager\Lua\Public">
      <UniqueIdentifier>{3fdae1bd-0ee8-4300-8b4a-85e7c1fc75b0}</UniqueIdentifier>
    </Filter>
    <Filter Include="Source\Manager\Sound">
      <UniqueIdentifier>{2a71a13c-3841-4e8c-9195-2f700cf2d32d}</UniqueIdentifier>
    </Filter>
    <Filter Include="Source\Manager\Sound\Private">
      <UniqueIdentifier>{2bbbeb48-8094-41d2-8f4a-10ff3510e185}</UniqueIdentifier>
    </Filter>
    <Filter Include="Source\Manager\Render">
      <UniqueIdentifier>{4ec98c17-b67f-4bff-bb87-feb666557702}</UniqueIdentifier>
    </Filter>
    <Filter Include="Source\Manager\Render\Private">
      <UniqueIdentifier>{5d9533c6-737a-44d5-ac6e-0866bb5c5e23}</UniqueIdentifier>
    </Filter>
    <Filter Include="Source\Manager\Render\Public">
      <UniqueIdentifier>{f3ef70e4-cf55-4afa-9fde-6f7e4980987a}</UniqueIdentifier>
    </Filter>
    <Filter Include="Source\Manager\UI">
      <UniqueIdentifier>{6461e934-ee6a-4edc-86ce-67ab0e436c21}</UniqueIdentifier>
    </Filter>
    <Filter Include="Source\Manager\UI\Private">
      <UniqueIdentifier>{aee3594c-4a18-4df4-9d8b-d23a313bdf6d}</UniqueIdentifier>
    </Filter>
    <Filter Include="Source\Manager\UI\Public">
      <UniqueIdentifier>{a2989c27-ad0e-4e17-a98e-c611a3ee1e51}</UniqueIdentifier>
    </Filter>
    <Filter Include="Source\Manager\Asset">
      <UniqueIdentifier>{9e9d4c3d-caab-475c-b908-4d3f5ac97eb6}</UniqueIdentifier>
    </Filter>
    <Filter Include="Source\Manager\Asset\Private">
      <UniqueIdentifier>{702716c6-d475-44f8-a73c-465bdcf7d81c}</UniqueIdentifier>
    </Filter>
    <Filter Include="Source\Manager\Asset\Public">
      <UniqueIdentifier>{b028ae3f-6eea-46fc-92c9-a48fdeb64443}</UniqueIdentifier>
    </Filter>
    <Filter Include="Source\Manager\Config">
      <UniqueIdentifier>{50c69096-c975-4b38-814f-bfa9616b4b33}</UniqueIdentifier>
    </Filter>
    <Filter Include="Source\Manager\Config\Private">
      <UniqueIdentifier>{d6af18b4-bb1d-4d76-ac54-135f7b2fa060}</UniqueIdentifier>
    </Filter>
    <Filter Include="Source\Manager\Config\Public">
      <UniqueIdentifier>{c7cb7d72-cb9b-428c-8f36-8fc07ed93de7}</UniqueIdentifier>
    </Filter>
    <Filter Include="Source\Manager\Input">
      <UniqueIdentifier>{fd1f83e0-fffd-4a54-b393-b9d0c1c073c8}</UniqueIdentifier>
    </Filter>
    <Filter Include="Source\Manager\Input\Private">
      <UniqueIdentifier>{7657752e-d6a2-465e-9b0e-90faffa8c17e}</UniqueIdentifier>
    </Filter>
    <Filter Include="Source\Manager\Input\Public">
      <UniqueIdentifier>{63b781fa-90f8-4d6a-ac73-1a55cd84f911}</UniqueIdentifier>
    </Filter>
    <Filter Include="Source\Manager\Path">
      <UniqueIdentifier>{44dfe7a6-764b-4eed-84fb-a8125c09d218}</UniqueIdentifier>
    </Filter>
    <Filter Include="Source\Manager\Path\Private">
      <UniqueIdentifier>{70939a8a-7aad-4d97-bff3-19810fc4e939}</UniqueIdentifier>
    </Filter>
    <Filter Include="Source\Manager\Path\Public">
      <UniqueIdentifier>{8b0aad1c-d5a9-40e4-9e44-50ed15b0156c}</UniqueIdentifier>
    </Filter>
    <Filter Include="Source\Manager\Time">
      <UniqueIdentifier>{18532908-f475-45cf-b029-9032c6fedac6}</UniqueIdentifier>
    </Filter>
    <Filter Include="Source\Manager\Time\Private">
      <UniqueIdentifier>{4aa68844-75c0-4675-93a7-8fceed7578b7}</UniqueIdentifier>
    </Filter>
    <Filter Include="Source\Manager\Time\Public">
      <UniqueIdentifier>{ab576675-77cb-4c5a-94df-a1454d6b5132}</UniqueIdentifier>
    </Filter>
    <Filter Include="Source\Physics">
      <UniqueIdentifier>{f3a965d5-656c-4fdf-be66-f11d994a6006}</UniqueIdentifier>
    </Filter>
    <Filter Include="Source\Physics\Private">
      <UniqueIdentifier>{fb3cd228-8b88-4e68-9bd7-fba7110b8c05}</UniqueIdentifier>
    </Filter>
    <Filter Include="Source\Physics\Public">
      <UniqueIdentifier>{24987a83-ce9b-40aa-97b4-aecff9740012}</UniqueIdentifier>
    </Filter>
    <Filter Include="Source\Subsystem">
      <UniqueIdentifier>{f6c53de8-31ee-4104-9b99-4399911264a1}</UniqueIdentifier>
    </Filter>
    <Filter Include="Source\Subsystem\Private">
      <UniqueIdentifier>{d3dbfc37-6e6b-48ad-ade1-4e7818ff8353}</UniqueIdentifier>
    </Filter>
    <Filter Include="Source\Subsystem\Public">
      <UniqueIdentifier>{c67664f8-27d3-4fa7-b635-70d16e78d899}</UniqueIdentifier>
    </Filter>
    <Filter Include="Source\Texture">
      <UniqueIdentifier>{fc9af5f2-bd11-47cf-a39e-1f055ab02ac8}</UniqueIdentifier>
    </Filter>
    <Filter Include="Source\Texture\Private">
      <UniqueIdentifier>{eaa58141-a34d-49bb-b35a-772a46e9c4fd}</UniqueIdentifier>
    </Filter>
    <Filter Include="Source\Texture\Public">
      <UniqueIdentifier>{87c66bf2-e7ba-4ee2-ab72-ff3a06a633bd}</UniqueIdentifier>
    </Filter>
    <Filter Include="Source\Utility">
      <UniqueIdentifier>{501b1643-a69c-4b4f-90f2-2b68dc8bf827}</UniqueIdentifier>
    </Filter>
    <Filter Include="Source\Utility\Private">
      <UniqueIdentifier>{cae10198-0912-42d4-b67c-319547e68a5f}</UniqueIdentifier>
    </Filter>
    <Filter Include="Source\Utility\Public">
      <UniqueIdentifier>{40663dcb-4c30-4f98-b984-051607525b67}</UniqueIdentifier>
    </Filter>
    <Filter Include="Source\Runtime\Core">
      <UniqueIdentifier>{22f5a858-ccd8-4f4f-b7f7-dccd8719dc20}</UniqueIdentifier>
    </Filter>
    <Filter Include="Source\Runtime\Core\Public">
      <UniqueIdentifier>{7cef0c79-c399-4e36-b91e-2fdbde8ac851}</UniqueIdentifier>
    </Filter>
    <Filter Include="Source\Runtime\Core\Public\Containers">
      <UniqueIdentifier>{2329a486-06d3-41a4-81aa-5cfa68695493}</UniqueIdentifier>
    </Filter>
    <Filter Include="Source\Runtime\Core\Public\Templates">
      <UniqueIdentifier>{8e078098-7349-4aa4-8753-3d0e3daf8694}</UniqueIdentifier>
    </Filter>
    <Filter Include="Source\ImGui">
      <UniqueIdentifier>{048b07d8-a847-4552-9c00-1eac4dd022f7}</UniqueIdentifier>
    </Filter>
    <Filter Include="Source\Optimization">
      <UniqueIdentifier>{600a279e-16ac-409d-85e2-308c18ae9364}</UniqueIdentifier>
    </Filter>
    <Filter Include="Source\Optimization\Public">
      <UniqueIdentifier>{ca7b62ec-c5db-4c54-8334-90d8339df680}</UniqueIdentifier>
    </Filter>
    <Filter Include="Source\Optimization\Private">
      <UniqueIdentifier>{3fbf536f-9944-4d0a-84f1-cf00e2a4bd25}</UniqueIdentifier>
    </Filter>
  </ItemGroup>
  <ItemGroup>
    <ResourceCompile Include="Engine.rc" />
  </ItemGroup>
  <ItemGroup>
    <None Include="Asset\Shader\LightingFunctions.hlsli">
      <Filter>Asset\Shader</Filter>
    </None>
  </ItemGroup>
</Project>